
Microsoft Visual Studio Solution File, Format Version 12.00
# Visual Studio Version 16
VisualStudioVersion = 16.0.31005.135
MinimumVisualStudioVersion = 10.0.40219.1
Project("{FAE04EC0-301F-11D3-BF4B-00C04F79EFBC}") = "congr", "congr\congr.csproj", "{EE7EC612-7A13-4CFE-82AF-C5EA3272294C}"
EndProject
Global
	GlobalSection(SolutionConfigurationPlatforms) = preSolution
		Debug|Any CPU = Debug|Any CPU
		Release|Any CPU = Release|Any CPU
	EndGlobalSection
	GlobalSection(ProjectConfigurationPlatforms) = postSolution
		{EE7EC612-7A13-4CFE-82AF-C5EA3272294C}.Debug|Any CPU.ActiveCfg = Debug|Any CPU
		{EE7EC612-7A13-4CFE-82AF-C5EA3272294C}.Debug|Any CPU.Build.0 = Debug|Any CPU
		{EE7EC612-7A13-4CFE-82AF-C5EA3272294C}.Release|Any CPU.ActiveCfg = Release|Any CPU
		{EE7EC612-7A13-4CFE-82AF-C5EA3272294C}.Release|Any CPU.Build.0 = Release|Any CPU
	EndGlobalSection
	GlobalSection(SolutionProperties) = preSolution
		HideSolutionNode = FALSE
	EndGlobalSection
	GlobalSection(ExtensibilityGlobals) = postSolution
		SolutionGuid = {DF09A304-9E41-4698-96DA-9B8026B79877}
	EndGlobalSection
EndGlobal
